# This file is autogenerated, do not edit; changes may be undone by the next 'dep ensure'.


[[projects]]
  branch = "master"
  name = "github.com/alecthomas/template"
  packages = [
    ".",
    "parse"
  ]
  revision = "a0175ee3bccc567396460bf5acd36800cb10c49c"

[[projects]]
  branch = "master"
  name = "github.com/alecthomas/units"
  packages = ["."]
  revision = "2efee857e7cfd4f3d0138cc3cbb1b4966962b93a"

[[projects]]
  branch = "master"
  name = "github.com/otiai10/copy"
  packages = ["."]
  revision = "7e9a647135a142c2669943d4a4d29be015ce9392"

[[projects]]
  branch = "master"
  name = "github.com/tj/go-dropbox"
  packages = ["."]
  revision = "42dd2be3662d084396bbc756e04116fb30ba7ced"

[[projects]]
  branch = "master"
  name = "github.com/tj/go-dropy"
  packages = ["."]
  revision = "225699a121562d2a1112529722a2368816df355f"

[[projects]]
  name = "gopkg.in/alecthomas/kingpin.v2"
  packages = ["."]
  revision = "947dcec5ba9c011838740e680966fd7087a71d0d"
  version = "v2.2.6"

[solve-meta]
  analyzer-name = "dep"
  analyzer-version = 1
  inputs-digest = "dcfaa13722b0fefd7aab8c68ed68fbb13991b7aa0bbdc4f8051ef37552805b50"
  solver-name = "gps-cdcl"
  solver-version = 1
